
Microsoft Visual Studio Solution File, Format Version 12.00
# Visual Studio Version 17
VisualStudioVersion = 17.7.34202.233
MinimumVisualStudioVersion = 10.0.40219.1
Project("{FAE04EC0-301F-11D3-BF4B-00C04F79EFBC}") = "ProductManagementWeb", "ProductManagementWeb\ProductManagementWeb.csproj", "{52E85F86-2A5C-4957-A9EC-EF2764D0A294}"
EndProject
Global
	GlobalSection(SolutionConfigurationPlatforms) = preSolution
		Debug|Any CPU = Debug|Any CPU
		Release|Any CPU = Release|Any CPU
	EndGlobalSection
	GlobalSection(ProjectConfigurationPlatforms) = postSolution
		{52E85F86-2A5C-4957-A9EC-EF2764D0A294}.Debug|Any CPU.ActiveCfg = Debug|Any CPU
		{52E85F86-2A5C-4957-A9EC-EF2764D0A294}.Debug|Any CPU.Build.0 = Debug|Any CPU
		{52E85F86-2A5C-4957-A9EC-EF2764D0A294}.Release|Any CPU.ActiveCfg = Release|Any CPU
		{52E85F86-2A5C-4957-A9EC-EF2764D0A294}.Release|Any CPU.Build.0 = Release|Any CPU
	EndGlobalSection
	GlobalSection(SolutionProperties) = preSolution
		HideSolutionNode = FALSE
	EndGlobalSection
	GlobalSection(ExtensibilityGlobals) = postSolution
		SolutionGuid = {BD509E31-82EF-431B-A60E-DB8A8FF19785}
	EndGlobalSection
EndGlobal
